
Microsoft Visual Studio Solution File, Format Version 12.00
# Visual Studio Version 17
VisualStudioVersion = 17.6.33815.320
MinimumVisualStudioVersion = 10.0.40219.1
Project("{2150E333-8FDC-42A3-9474-1A3956D46DE8}") = "src", "src", "{AFAA0841-BD93-466F-B8F4-FB4EEC86F1FC}"
EndProject
Project("{9A19103F-16F7-4668-BE54-9A1E7A4F7556}") = "MDMPlatform.Core", "src\core\MDMPlatform.Core\MDMPlatform.Core.csproj", "{0FA75A5B-AB83-4FD0-B545-279774C01E87}"
EndProject
Project("{9A19103F-16F7-4668-BE54-9A1E7A4F7556}") = "MDMPlatform.Application", "src\core\MDMPlatform.Application\MDMPlatform.Application.csproj", "{3870C648-4AEA-4B85-BA3F-F2F63B96136A}"
EndProject
Project("{9A19103F-16F7-4668-BE54-9A1E7A4F7556}") = "MDMPlatform.Web.Core", "src\core\MDMPlatform.Web.Core\MDMPlatform.Web.Core.csproj", "{22CFE0D2-8DCA-42D7-AD7D-784C3862493F}"
EndProject
Project("{2150E333-8FDC-42A3-9474-1A3956D46DE8}") = "services", "services", "{C909FD11-008E-41AF-AF4F-E27556B99204}"
EndProject
Project("{2150E333-8FDC-42A3-9474-1A3956D46DE8}") = "solution", "solution", "{31B5CC5B-AD08-4BF9-9D12-B13238503A33}"
	ProjectSection(SolutionItems) = preProject
		Readme.MD = Readme.MD
	EndProjectSection
EndProject
Project("{2150E333-8FDC-42A3-9474-1A3956D46DE8}") = "core", "core", "{AAA7FA8D-6F1F-41ED-9456-F3FAF8BF81D5}"
EndProject
Project("{2150E333-8FDC-42A3-9474-1A3956D46DE8}") = "library", "library", "{159139A8-766B-462D-A39C-B61D9BE4391E}"
EndProject
Project("{2150E333-8FDC-42A3-9474-1A3956D46DE8}") = "modules", "modules", "{2B780CA2-2755-443E-BD94-ED52F24D2F7B}"
EndProject
Project("{2150E333-8FDC-42A3-9474-1A3956D46DE8}") = "mdm-identity-service", "mdm-identity-service", "{0171F474-23DB-48F2-9283-B8C3C9580CA3}"
EndProject
Project("{9A19103F-16F7-4668-BE54-9A1E7A4F7556}") = "MDM.AuthorizationModule", "src\modules\MDM.AuthorizationModule\MDM.AuthorizationModule.csproj", "{04170475-8A74-4E98-8CDC-A77FDD8864E2}"
EndProject
Project("{9A19103F-16F7-4668-BE54-9A1E7A4F7556}") = "MDM.Common", "src\library\MDM.Common\MDM.Common.csproj", "{4CB31D45-263C-47AF-8D8A-38AEF431BA44}"
EndProject
Project("{9A19103F-16F7-4668-BE54-9A1E7A4F7556}") = "MDM.Identity.Core", "src\services\mdm-identity-service\MDM.Identity.Core\MDM.Identity.Core.csproj", "{99433EF1-8E8F-4A24-B7AF-2112ABE3DD33}"
EndProject
Project("{9A19103F-16F7-4668-BE54-9A1E7A4F7556}") = "MDM.Identity.Application", "src\services\mdm-identity-service\MDM.Identity.Application\MDM.Identity.Application.csproj", "{1F041072-8033-4FA2-B40A-AC9431CD4DE1}"
EndProject
Project("{9A19103F-16F7-4668-BE54-9A1E7A4F7556}") = "MDM.Identity.Html", "src\services\mdm-identity-service\MDM.Identity.Html\MDM.Identity.Html.csproj", "{D4B613C9-8FD6-4F7D-B06F-CFB76484E889}"
EndProject
Project("{9A19103F-16F7-4668-BE54-9A1E7A4F7556}") = "MDM.Identity.Migrator", "src\services\mdm-identity-service\MDM.Identity.Migrator\MDM.Identity.Migrator.csproj", "{28ED4F8B-EE4E-4B24-AC8E-04379459F30E}"
EndProject
Project("{9A19103F-16F7-4668-BE54-9A1E7A4F7556}") = "MDM.Identity.EntityFrameworkCore", "src\services\mdm-identity-service\MDM.Identity.EntityFrameworkCore\MDM.Identity.EntityFrameworkCore.csproj", "{6BDA7F1B-C46F-4530-BC1A-99172C7243D2}"
EndProject
Project("{9A19103F-16F7-4668-BE54-9A1E7A4F7556}") = "MDM.Identity.Host", "src\services\mdm-identity-service\MDM.Identity.Self-host\MDM.Identity.Host.csproj", "{25E36927-2AF4-4643-ABF9-E443593D31B2}"
EndProject
Project("{9A19103F-16F7-4668-BE54-9A1E7A4F7556}") = "MDMPlatform.EntityFrameworkCore", "src\core\MDMPlatform.EntityFrameworkCore\MDMPlatform.EntityFrameworkCore.csproj", "{BDCCBACC-562B-46D1-B85B-985656BF5ACE}"
EndProject
Project("{9A19103F-16F7-4668-BE54-9A1E7A4F7556}") = "MDM.Shared", "src\library\MDM.Shared\MDM.Shared.csproj", "{7BB14E1D-B349-4967-9269-2E5644B1FE6E}"
EndProject
Project("{2150E333-8FDC-42A3-9474-1A3956D46DE8}") = "test", "test", "{42306EAC-FACC-4F4E-B7F8-45D781024B76}"
EndProject
Project("{9A19103F-16F7-4668-BE54-9A1E7A4F7556}") = "MDMIdentity.Tests", "src\services\mdm-identity-service\MDMIdentity.Tests\MDMIdentity.Tests.csproj", "{B4D40EA8-9173-4CA2-954E-DA0E2D0C2C0B}"
EndProject
Project("{9A19103F-16F7-4668-BE54-9A1E7A4F7556}") = "MDM.CatalogModule", "src\modules\MDM.CatalogModule\MDM.CatalogModule.csproj", "{2FDCAE32-9180-4FEA-A848-6C45E539858B}"
EndProject
Project("{9A19103F-16F7-4668-BE54-9A1E7A4F7556}") = "MDM.ModuleBase", "src\modules\MDM.ModuleBase\MDM.ModuleBase.csproj", "{5BAA0ED8-5FA7-4581-8684-AE9F2A2E146F}"
EndProject
Project("{9A19103F-16F7-4668-BE54-9A1E7A4F7556}") = "MDM.CommonModule", "src\modules\MDM.CommonModule\MDM.CommonModule.csproj", "{A2639917-15E1-4B55-9B19-AB6A14AE65DF}"
EndProject
Project("{9A19103F-16F7-4668-BE54-9A1E7A4F7556}") = "MDM.PaymentModule", "src\modules\MDM.PaymentModule\MDM.PaymentModule.csproj", "{FF92B52E-0229-45CC-A765-FE7968AD477F}"
EndProject
Project("{9A19103F-16F7-4668-BE54-9A1E7A4F7556}") = "MDM.CustomerModule", "src\modules\MDM.CustomerModule\MDM.CustomerModule.csproj", "{5C78C170-9ED8-4E9D-97A7-F2364D41D2B3}"
EndProject
Project("{9A19103F-16F7-4668-BE54-9A1E7A4F7556}") = "MDM.OrderModule", "src\modules\MDM.OrderModule\MDM.OrderModule.csproj", "{71B9957A-4DA5-4E15-A728-07A6B6DD78CE}"
EndProject
Global
	GlobalSection(SolutionConfigurationPlatforms) = preSolution
		Debug|Any CPU = Debug|Any CPU
		Release|Any CPU = Release|Any CPU
	EndGlobalSection
	GlobalSection(ProjectConfigurationPlatforms) = postSolution
		{0FA75A5B-AB83-4FD0-B545-279774C01E87}.Debug|Any CPU.ActiveCfg = Debug|Any CPU
		{0FA75A5B-AB83-4FD0-B545-279774C01E87}.Debug|Any CPU.Build.0 = Debug|Any CPU
		{0FA75A5B-AB83-4FD0-B545-279774C01E87}.Release|Any CPU.ActiveCfg = Release|Any CPU
		{0FA75A5B-AB83-4FD0-B545-279774C01E87}.Release|Any CPU.Build.0 = Release|Any CPU
		{3870C648-4AEA-4B85-BA3F-F2F63B96136A}.Debug|Any CPU.ActiveCfg = Debug|Any CPU
		{3870C648-4AEA-4B85-BA3F-F2F63B96136A}.Debug|Any CPU.Build.0 = Debug|Any CPU
		{3870C648-4AEA-4B85-BA3F-F2F63B96136A}.Release|Any CPU.ActiveCfg = Release|Any CPU
		{3870C648-4AEA-4B85-BA3F-F2F63B96136A}.Release|Any CPU.Build.0 = Release|Any CPU
		{22CFE0D2-8DCA-42D7-AD7D-784C3862493F}.Debug|Any CPU.ActiveCfg = Debug|Any CPU
		{22CFE0D2-8DCA-42D7-AD7D-784C3862493F}.Debug|Any CPU.Build.0 = Debug|Any CPU
		{22CFE0D2-8DCA-42D7-AD7D-784C3862493F}.Release|Any CPU.ActiveCfg = Release|Any CPU
		{22CFE0D2-8DCA-42D7-AD7D-784C3862493F}.Release|Any CPU.Build.0 = Release|Any CPU
		{04170475-8A74-4E98-8CDC-A77FDD8864E2}.Debug|Any CPU.ActiveCfg = Debug|Any CPU
		{04170475-8A74-4E98-8CDC-A77FDD8864E2}.Debug|Any CPU.Build.0 = Debug|Any CPU
		{04170475-8A74-4E98-8CDC-A77FDD8864E2}.Release|Any CPU.ActiveCfg = Release|Any CPU
		{04170475-8A74-4E98-8CDC-A77FDD8864E2}.Release|Any CPU.Build.0 = Release|Any CPU
		{4CB31D45-263C-47AF-8D8A-38AEF431BA44}.Debug|Any CPU.ActiveCfg = Debug|Any CPU
		{4CB31D45-263C-47AF-8D8A-38AEF431BA44}.Debug|Any CPU.Build.0 = Debug|Any CPU
		{4CB31D45-263C-47AF-8D8A-38AEF431BA44}.Release|Any CPU.ActiveCfg = Release|Any CPU
		{4CB31D45-263C-47AF-8D8A-38AEF431BA44}.Release|Any CPU.Build.0 = Release|Any CPU
		{99433EF1-8E8F-4A24-B7AF-2112ABE3DD33}.Debug|Any CPU.ActiveCfg = Debug|Any CPU
		{99433EF1-8E8F-4A24-B7AF-2112ABE3DD33}.Debug|Any CPU.Build.0 = Debug|Any CPU
		{99433EF1-8E8F-4A24-B7AF-2112ABE3DD33}.Release|Any CPU.ActiveCfg = Release|Any CPU
		{99433EF1-8E8F-4A24-B7AF-2112ABE3DD33}.Release|Any CPU.Build.0 = Release|Any CPU
		{1F041072-8033-4FA2-B40A-AC9431CD4DE1}.Debug|Any CPU.ActiveCfg = Debug|Any CPU
		{1F041072-8033-4FA2-B40A-AC9431CD4DE1}.Debug|Any CPU.Build.0 = Debug|Any CPU
		{1F041072-8033-4FA2-B40A-AC9431CD4DE1}.Release|Any CPU.ActiveCfg = Release|Any CPU
		{1F041072-8033-4FA2-B40A-AC9431CD4DE1}.Release|Any CPU.Build.0 = Release|Any CPU
		{D4B613C9-8FD6-4F7D-B06F-CFB76484E889}.Debug|Any CPU.ActiveCfg = Debug|Any CPU
		{D4B613C9-8FD6-4F7D-B06F-CFB76484E889}.Debug|Any CPU.Build.0 = Debug|Any CPU
		{D4B613C9-8FD6-4F7D-B06F-CFB76484E889}.Release|Any CPU.ActiveCfg = Release|Any CPU
		{D4B613C9-8FD6-4F7D-B06F-CFB76484E889}.Release|Any CPU.Build.0 = Release|Any CPU
		{28ED4F8B-EE4E-4B24-AC8E-04379459F30E}.Debug|Any CPU.ActiveCfg = Debug|Any CPU
		{28ED4F8B-EE4E-4B24-AC8E-04379459F30E}.Debug|Any CPU.Build.0 = Debug|Any CPU
		{28ED4F8B-EE4E-4B24-AC8E-04379459F30E}.Release|Any CPU.ActiveCfg = Release|Any CPU
		{28ED4F8B-EE4E-4B24-AC8E-04379459F30E}.Release|Any CPU.Build.0 = Release|Any CPU
		{6BDA7F1B-C46F-4530-BC1A-99172C7243D2}.Debug|Any CPU.ActiveCfg = Debug|Any CPU
		{6BDA7F1B-C46F-4530-BC1A-99172C7243D2}.Debug|Any CPU.Build.0 = Debug|Any CPU
		{6BDA7F1B-C46F-4530-BC1A-99172C7243D2}.Release|Any CPU.ActiveCfg = Release|Any CPU
		{6BDA7F1B-C46F-4530-BC1A-99172C7243D2}.Release|Any CPU.Build.0 = Release|Any CPU
		{25E36927-2AF4-4643-ABF9-E443593D31B2}.Debug|Any CPU.ActiveCfg = Debug|Any CPU
		{25E36927-2AF4-4643-ABF9-E443593D31B2}.Debug|Any CPU.Build.0 = Debug|Any CPU
		{25E36927-2AF4-4643-ABF9-E443593D31B2}.Release|Any CPU.ActiveCfg = Release|Any CPU
		{25E36927-2AF4-4643-ABF9-E443593D31B2}.Release|Any CPU.Build.0 = Release|Any CPU
		{BDCCBACC-562B-46D1-B85B-985656BF5ACE}.Debug|Any CPU.ActiveCfg = Debug|Any CPU
		{BDCCBACC-562B-46D1-B85B-985656BF5ACE}.Debug|Any CPU.Build.0 = Debug|Any CPU
		{BDCCBACC-562B-46D1-B85B-985656BF5ACE}.Release|Any CPU.ActiveCfg = Release|Any CPU
		{BDCCBACC-562B-46D1-B85B-985656BF5ACE}.Release|Any CPU.Build.0 = Release|Any CPU
		{7BB14E1D-B349-4967-9269-2E5644B1FE6E}.Debug|Any CPU.ActiveCfg = Debug|Any CPU
		{7BB14E1D-B349-4967-9269-2E5644B1FE6E}.Debug|Any CPU.Build.0 = Debug|Any CPU
		{7BB14E1D-B349-4967-9269-2E5644B1FE6E}.Release|Any CPU.ActiveCfg = Release|Any CPU
		{7BB14E1D-B349-4967-9269-2E5644B1FE6E}.Release|Any CPU.Build.0 = Release|Any CPU
		{B4D40EA8-9173-4CA2-954E-DA0E2D0C2C0B}.Debug|Any CPU.ActiveCfg = Debug|Any CPU
		{B4D40EA8-9173-4CA2-954E-DA0E2D0C2C0B}.Debug|Any CPU.Build.0 = Debug|Any CPU
		{B4D40EA8-9173-4CA2-954E-DA0E2D0C2C0B}.Release|Any CPU.ActiveCfg = Release|Any CPU
		{B4D40EA8-9173-4CA2-954E-DA0E2D0C2C0B}.Release|Any CPU.Build.0 = Release|Any CPU
		{2FDCAE32-9180-4FEA-A848-6C45E539858B}.Debug|Any CPU.ActiveCfg = Debug|Any CPU
		{2FDCAE32-9180-4FEA-A848-6C45E539858B}.Debug|Any CPU.Build.0 = Debug|Any CPU
		{2FDCAE32-9180-4FEA-A848-6C45E539858B}.Release|Any CPU.ActiveCfg = Release|Any CPU
		{2FDCAE32-9180-4FEA-A848-6C45E539858B}.Release|Any CPU.Build.0 = Release|Any CPU
		{5BAA0ED8-5FA7-4581-8684-AE9F2A2E146F}.Debug|Any CPU.ActiveCfg = Debug|Any CPU
		{5BAA0ED8-5FA7-4581-8684-AE9F2A2E146F}.Debug|Any CPU.Build.0 = Debug|Any CPU
		{5BAA0ED8-5FA7-4581-8684-AE9F2A2E146F}.Release|Any CPU.ActiveCfg = Release|Any CPU
		{5BAA0ED8-5FA7-4581-8684-AE9F2A2E146F}.Release|Any CPU.Build.0 = Release|Any CPU
		{A2639917-15E1-4B55-9B19-AB6A14AE65DF}.Debug|Any CPU.ActiveCfg = Debug|Any CPU
		{A2639917-15E1-4B55-9B19-AB6A14AE65DF}.Debug|Any CPU.Build.0 = Debug|Any CPU
		{A2639917-15E1-4B55-9B19-AB6A14AE65DF}.Release|Any CPU.ActiveCfg = Release|Any CPU
		{A2639917-15E1-4B55-9B19-AB6A14AE65DF}.Release|Any CPU.Build.0 = Release|Any CPU
		{FF92B52E-0229-45CC-A765-FE7968AD477F}.Debug|Any CPU.ActiveCfg = Debug|Any CPU
		{FF92B52E-0229-45CC-A765-FE7968AD477F}.Debug|Any CPU.Build.0 = Debug|Any CPU
		{FF92B52E-0229-45CC-A765-FE7968AD477F}.Release|Any CPU.ActiveCfg = Release|Any CPU
		{FF92B52E-0229-45CC-A765-FE7968AD477F}.Release|Any CPU.Build.0 = Release|Any CPU
		{5C78C170-9ED8-4E9D-97A7-F2364D41D2B3}.Debug|Any CPU.ActiveCfg = Debug|Any CPU
		{5C78C170-9ED8-4E9D-97A7-F2364D41D2B3}.Debug|Any CPU.Build.0 = Debug|Any CPU
		{5C78C170-9ED8-4E9D-97A7-F2364D41D2B3}.Release|Any CPU.ActiveCfg = Release|Any CPU
		{5C78C170-9ED8-4E9D-97A7-F2364D41D2B3}.Release|Any CPU.Build.0 = Release|Any CPU
		{71B9957A-4DA5-4E15-A728-07A6B6DD78CE}.Debug|Any CPU.ActiveCfg = Debug|Any CPU
		{71B9957A-4DA5-4E15-A728-07A6B6DD78CE}.Debug|Any CPU.Build.0 = Debug|Any CPU
		{71B9957A-4DA5-4E15-A728-07A6B6DD78CE}.Release|Any CPU.ActiveCfg = Release|Any CPU
		{71B9957A-4DA5-4E15-A728-07A6B6DD78CE}.Release|Any CPU.Build.0 = Release|Any CPU
	EndGlobalSection
	GlobalSection(SolutionProperties) = preSolution
		HideSolutionNode = FALSE
	EndGlobalSection
	GlobalSection(NestedProjects) = preSolution
		{0FA75A5B-AB83-4FD0-B545-279774C01E87} = {AAA7FA8D-6F1F-41ED-9456-F3FAF8BF81D5}
		{3870C648-4AEA-4B85-BA3F-F2F63B96136A} = {AAA7FA8D-6F1F-41ED-9456-F3FAF8BF81D5}
		{22CFE0D2-8DCA-42D7-AD7D-784C3862493F} = {AAA7FA8D-6F1F-41ED-9456-F3FAF8BF81D5}
		{C909FD11-008E-41AF-AF4F-E27556B99204} = {AFAA0841-BD93-466F-B8F4-FB4EEC86F1FC}
		{AAA7FA8D-6F1F-41ED-9456-F3FAF8BF81D5} = {AFAA0841-BD93-466F-B8F4-FB4EEC86F1FC}
		{159139A8-766B-462D-A39C-B61D9BE4391E} = {AFAA0841-BD93-466F-B8F4-FB4EEC86F1FC}
		{2B780CA2-2755-443E-BD94-ED52F24D2F7B} = {AFAA0841-BD93-466F-B8F4-FB4EEC86F1FC}
		{0171F474-23DB-48F2-9283-B8C3C9580CA3} = {C909FD11-008E-41AF-AF4F-E27556B99204}
		{04170475-8A74-4E98-8CDC-A77FDD8864E2} = {2B780CA2-2755-443E-BD94-ED52F24D2F7B}
		{4CB31D45-263C-47AF-8D8A-38AEF431BA44} = {159139A8-766B-462D-A39C-B61D9BE4391E}
		{99433EF1-8E8F-4A24-B7AF-2112ABE3DD33} = {0171F474-23DB-48F2-9283-B8C3C9580CA3}
		{1F041072-8033-4FA2-B40A-AC9431CD4DE1} = {0171F474-23DB-48F2-9283-B8C3C9580CA3}
		{D4B613C9-8FD6-4F7D-B06F-CFB76484E889} = {0171F474-23DB-48F2-9283-B8C3C9580CA3}
		{28ED4F8B-EE4E-4B24-AC8E-04379459F30E} = {0171F474-23DB-48F2-9283-B8C3C9580CA3}
		{6BDA7F1B-C46F-4530-BC1A-99172C7243D2} = {0171F474-23DB-48F2-9283-B8C3C9580CA3}
		{25E36927-2AF4-4643-ABF9-E443593D31B2} = {0171F474-23DB-48F2-9283-B8C3C9580CA3}
		{BDCCBACC-562B-46D1-B85B-985656BF5ACE} = {AAA7FA8D-6F1F-41ED-9456-F3FAF8BF81D5}
		{7BB14E1D-B349-4967-9269-2E5644B1FE6E} = {159139A8-766B-462D-A39C-B61D9BE4391E}
		{42306EAC-FACC-4F4E-B7F8-45D781024B76} = {0171F474-23DB-48F2-9283-B8C3C9580CA3}
		{B4D40EA8-9173-4CA2-954E-DA0E2D0C2C0B} = {42306EAC-FACC-4F4E-B7F8-45D781024B76}
		{2FDCAE32-9180-4FEA-A848-6C45E539858B} = {2B780CA2-2755-443E-BD94-ED52F24D2F7B}
		{5BAA0ED8-5FA7-4581-8684-AE9F2A2E146F} = {2B780CA2-2755-443E-BD94-ED52F24D2F7B}
		{A2639917-15E1-4B55-9B19-AB6A14AE65DF} = {2B780CA2-2755-443E-BD94-ED52F24D2F7B}
		{FF92B52E-0229-45CC-A765-FE7968AD477F} = {2B780CA2-2755-443E-BD94-ED52F24D2F7B}
		{5C78C170-9ED8-4E9D-97A7-F2364D41D2B3} = {2B780CA2-2755-443E-BD94-ED52F24D2F7B}
		{71B9957A-4DA5-4E15-A728-07A6B6DD78CE} = {2B780CA2-2755-443E-BD94-ED52F24D2F7B}
	EndGlobalSection
	GlobalSection(ExtensibilityGlobals) = postSolution
		SolutionGuid = {9A55C749-0BFF-4EFD-8499-12A2CB3B5B07}
	EndGlobalSection
EndGlobal
